
Microsoft Visual Studio Solution File, Format Version 12.00
# Visual Studio Version 17
VisualStudioVersion = 17.0.31903.59
MinimumVisualStudioVersion = 10.0.40219.1
Project("{2150E333-8FDC-42A3-9474-1A3956D46DE8}") = "src", "src", "{827E0CD3-B72D-47B6-A68D-7590B98EB39B}"
EndProject
Project("{FAE04EC0-301F-11D3-BF4B-00C04F79EFBC}") = "TicketAnaliz.Core", "src\TicketAnaliz.Core\TicketAnaliz.Core.csproj", "{9163CD9F-7A27-41DF-AFBB-D203B2FC6ADE}"
EndProject
Project("{FAE04EC0-301F-11D3-BF4B-00C04F79EFBC}") = "TicketAnaliz.Infrastructure", "src\TicketAnaliz.Infrastructure\TicketAnaliz.Infrastructure.csproj", "{30D17CEF-911B-484D-B341-17E308C1B224}"
EndProject
Project("{FAE04EC0-301F-11D3-BF4B-00C04F79EFBC}") = "TicketAnaliz.Api", "src\TicketAnaliz.Api\TicketAnaliz.Api.csproj", "{F8639F53-F6B4-4534-9B21-F985D989D5C2}"
EndProject
Project("{FAE04EC0-301F-11D3-BF4B-00C04F79EFBC}") = "TicketAnaliz.SeedGenerator", "src\TicketAnaliz.SeedGenerator\TicketAnaliz.SeedGenerator.csproj", "{948957DB-14BF-4215-BBA6-57C85726FF6B}"
EndProject
Project("{2150E333-8FDC-42A3-9474-1A3956D46DE8}") = "tests", "tests", "{0AB3BF05-4346-4AA6-1389-037BE0695223}"
EndProject
Project("{FAE04EC0-301F-11D3-BF4B-00C04F79EFBC}") = "TicketAnaliz.Evaluation", "tests\TicketAnaliz.Evaluation\TicketAnaliz.Evaluation.csproj", "{CE767A80-B3DD-490E-A5CF-9E59D6844AC1}"
EndProject
Global
	GlobalSection(SolutionConfigurationPlatforms) = preSolution
		Debug|Any CPU = Debug|Any CPU
		Debug|x64 = Debug|x64
		Debug|x86 = Debug|x86
		Release|Any CPU = Release|Any CPU
		Release|x64 = Release|x64
		Release|x86 = Release|x86
	EndGlobalSection
	GlobalSection(ProjectConfigurationPlatforms) = postSolution
		{9163CD9F-7A27-41DF-AFBB-D203B2FC6ADE}.Debug|Any CPU.ActiveCfg = Debug|Any CPU
		{9163CD9F-7A27-41DF-AFBB-D203B2FC6ADE}.Debug|Any CPU.Build.0 = Debug|Any CPU
		{9163CD9F-7A27-41DF-AFBB-D203B2FC6ADE}.Debug|x64.ActiveCfg = Debug|Any CPU
		{9163CD9F-7A27-41DF-AFBB-D203B2FC6ADE}.Debug|x64.Build.0 = Debug|Any CPU
		{9163CD9F-7A27-41DF-AFBB-D203B2FC6ADE}.Debug|x86.ActiveCfg = Debug|Any CPU
		{9163CD9F-7A27-41DF-AFBB-D203B2FC6ADE}.Debug|x86.Build.0 = Debug|Any CPU
		{9163CD9F-7A27-41DF-AFBB-D203B2FC6ADE}.Release|Any CPU.ActiveCfg = Release|Any CPU
		{9163CD9F-7A27-41DF-AFBB-D203B2FC6ADE}.Release|Any CPU.Build.0 = Release|Any CPU
		{9163CD9F-7A27-41DF-AFBB-D203B2FC6ADE}.Release|x64.ActiveCfg = Release|Any CPU
		{9163CD9F-7A27-41DF-AFBB-D203B2FC6ADE}.Release|x64.Build.0 = Release|Any CPU
		{9163CD9F-7A27-41DF-AFBB-D203B2FC6ADE}.Release|x86.ActiveCfg = Release|Any CPU
		{9163CD9F-7A27-41DF-AFBB-D203B2FC6ADE}.Release|x86.Build.0 = Release|Any CPU
		{30D17CEF-911B-484D-B341-17E308C1B224}.Debug|Any CPU.ActiveCfg = Debug|Any CPU
		{30D17CEF-911B-484D-B341-17E308C1B224}.Debug|Any CPU.Build.0 = Debug|Any CPU
		{30D17CEF-911B-484D-B341-17E308C1B224}.Debug|x64.ActiveCfg = Debug|Any CPU
		{30D17CEF-911B-484D-B341-17E308C1B224}.Debug|x64.Build.0 = Debug|Any CPU
		{30D17CEF-911B-484D-B341-17E308C1B224}.Debug|x86.ActiveCfg = Debug|Any CPU
		{30D17CEF-911B-484D-B341-17E308C1B224}.Debug|x86.Build.0 = Debug|Any CPU
		{30D17CEF-911B-484D-B341-17E308C1B224}.Release|Any CPU.ActiveCfg = Release|Any CPU
		{30D17CEF-911B-484D-B341-17E308C1B224}.Release|Any CPU.Build.0 = Release|Any CPU
		{30D17CEF-911B-484D-B341-17E308C1B224}.Release|x64.ActiveCfg = Release|Any CPU
		{30D17CEF-911B-484D-B341-17E308C1B224}.Release|x64.Build.0 = Release|Any CPU
		{30D17CEF-911B-484D-B341-17E308C1B224}.Release|x86.ActiveCfg = Release|Any CPU
		{30D17CEF-911B-484D-B341-17E308C1B224}.Release|x86.Build.0 = Release|Any CPU
		{F8639F53-F6B4-4534-9B21-F985D989D5C2}.Debug|Any CPU.ActiveCfg = Debug|Any CPU
		{F8639F53-F6B4-4534-9B21-F985D989D5C2}.Debug|Any CPU.Build.0 = Debug|Any CPU
		{F8639F53-F6B4-4534-9B21-F985D989D5C2}.Debug|x64.ActiveCfg = Debug|Any CPU
		{F8639F53-F6B4-4534-9B21-F985D989D5C2}.Debug|x64.Build.0 = Debug|Any CPU
		{F8639F53-F6B4-4534-9B21-F985D989D5C2}.Debug|x86.ActiveCfg = Debug|Any CPU
		{F8639F53-F6B4-4534-9B21-F985D989D5C2}.Debug|x86.Build.0 = Debug|Any CPU
		{F8639F53-F6B4-4534-9B21-F985D989D5C2}.Release|Any CPU.ActiveCfg = Release|Any CPU
		{F8639F53-F6B4-4534-9B21-F985D989D5C2}.Release|Any CPU.Build.0 = Release|Any CPU
		{F8639F53-F6B4-4534-9B21-F985D989D5C2}.Release|x64.ActiveCfg = Release|Any CPU
		{F8639F53-F6B4-4534-9B21-F985D989D5C2}.Release|x64.Build.0 = Release|Any CPU
		{F8639F53-F6B4-4534-9B21-F985D989D5C2}.Release|x86.ActiveCfg = Release|Any CPU
		{F8639F53-F6B4-4534-9B21-F985D989D5C2}.Release|x86.Build.0 = Release|Any CPU
		{948957DB-14BF-4215-BBA6-57C85726FF6B}.Debug|Any CPU.ActiveCfg = Debug|Any CPU
		{948957DB-14BF-4215-BBA6-57C85726FF6B}.Debug|Any CPU.Build.0 = Debug|Any CPU
		{948957DB-14BF-4215-BBA6-57C85726FF6B}.Debug|x64.ActiveCfg = Debug|Any CPU
		{948957DB-14BF-4215-BBA6-57C85726FF6B}.Debug|x64.Build.0 = Debug|Any CPU
		{948957DB-14BF-4215-BBA6-57C85726FF6B}.Debug|x86.ActiveCfg = Debug|Any CPU
		{948957DB-14BF-4215-BBA6-57C85726FF6B}.Debug|x86.Build.0 = Debug|Any CPU
		{948957DB-14BF-4215-BBA6-57C85726FF6B}.Release|Any CPU.ActiveCfg = Release|Any CPU
		{948957DB-14BF-4215-BBA6-57C85726FF6B}.Release|Any CPU.Build.0 = Release|Any CPU
		{948957DB-14BF-4215-BBA6-57C85726FF6B}.Release|x64.ActiveCfg = Release|Any CPU
		{948957DB-14BF-4215-BBA6-57C85726FF6B}.Release|x64.Build.0 = Release|Any CPU
		{948957DB-14BF-4215-BBA6-57C85726FF6B}.Release|x86.ActiveCfg = Release|Any CPU
		{948957DB-14BF-4215-BBA6-57C85726FF6B}.Release|x86.Build.0 = Release|Any CPU
		{CE767A80-B3DD-490E-A5CF-9E59D6844AC1}.Debug|Any CPU.ActiveCfg = Debug|Any CPU
		{CE767A80-B3DD-490E-A5CF-9E59D6844AC1}.Debug|Any CPU.Build.0 = Debug|Any CPU
		{CE767A80-B3DD-490E-A5CF-9E59D6844AC1}.Debug|x64.ActiveCfg = Debug|Any CPU
		{CE767A80-B3DD-490E-A5CF-9E59D6844AC1}.Debug|x64.Build.0 = Debug|Any CPU
		{CE767A80-B3DD-490E-A5CF-9E59D6844AC1}.Debug|x86.ActiveCfg = Debug|Any CPU
		{CE767A80-B3DD-490E-A5CF-9E59D6844AC1}.Debug|x86.Build.0 = Debug|Any CPU
		{CE767A80-B3DD-490E-A5CF-9E59D6844AC1}.Release|Any CPU.ActiveCfg = Release|Any CPU
		{CE767A80-B3DD-490E-A5CF-9E59D6844AC1}.Release|Any CPU.Build.0 = Release|Any CPU
		{CE767A80-B3DD-490E-A5CF-9E59D6844AC1}.Release|x64.ActiveCfg = Release|Any CPU
		{CE767A80-B3DD-490E-A5CF-9E59D6844AC1}.Release|x64.Build.0 = Release|Any CPU
		{CE767A80-B3DD-490E-A5CF-9E59D6844AC1}.Release|x86.ActiveCfg = Release|Any CPU
		{CE767A80-B3DD-490E-A5CF-9E59D6844AC1}.Release|x86.Build.0 = Release|Any CPU
	EndGlobalSection
	GlobalSection(SolutionProperties) = preSolution
		HideSolutionNode = FALSE
	EndGlobalSection
	GlobalSection(NestedProjects) = preSolution
		{9163CD9F-7A27-41DF-AFBB-D203B2FC6ADE} = {827E0CD3-B72D-47B6-A68D-7590B98EB39B}
		{30D17CEF-911B-484D-B341-17E308C1B224} = {827E0CD3-B72D-47B6-A68D-7590B98EB39B}
		{F8639F53-F6B4-4534-9B21-F985D989D5C2} = {827E0CD3-B72D-47B6-A68D-7590B98EB39B}
		{948957DB-14BF-4215-BBA6-57C85726FF6B} = {827E0CD3-B72D-47B6-A68D-7590B98EB39B}
		{CE767A80-B3DD-490E-A5CF-9E59D6844AC1} = {0AB3BF05-4346-4AA6-1389-037BE0695223}
	EndGlobalSection
EndGlobal
